
Microsoft Visual Studio Solution File, Format Version 12.00
# Visual Studio Version 17
VisualStudioVersion = 17.10.35027.167
MinimumVisualStudioVersion = 10.0.40219.1
Project("{FAE04EC0-301F-11D3-BF4B-00C04F79EFBC}") = "MyHashTable", "MyHashTable\MyHashTable.csproj", "{77332C02-E0B8-4B8A-A761-55A4634B01C4}"
EndProject
Global
	GlobalSection(SolutionConfigurationPlatforms) = preSolution
		Debug|Any CPU = Debug|Any CPU
		Release|Any CPU = Release|Any CPU
	EndGlobalSection
	GlobalSection(ProjectConfigurationPlatforms) = postSolution
		{77332C02-E0B8-4B8A-A761-55A4634B01C4}.Debug|Any CPU.ActiveCfg = Debug|Any CPU
		{77332C02-E0B8-4B8A-A761-55A4634B01C4}.Debug|Any CPU.Build.0 = Debug|Any CPU
		{77332C02-E0B8-4B8A-A761-55A4634B01C4}.Release|Any CPU.ActiveCfg = Release|Any CPU
		{77332C02-E0B8-4B8A-A761-55A4634B01C4}.Release|Any CPU.Build.0 = Release|Any CPU
	EndGlobalSection
	GlobalSection(SolutionProperties) = preSolution
		HideSolutionNode = FALSE
	EndGlobalSection
	GlobalSection(ExtensibilityGlobals) = postSolution
		SolutionGuid = {4FBD7BE1-4E41-42F5-855B-95969CF0A984}
	EndGlobalSection
EndGlobal
